lockfileVersion: '6.0'

settings:
  autoInstallPeers: true
  excludeLinksFromLockfile: false

devDependencies:
  '@nodenv/devutil':
    specifier: ^0.1.1
    version: 0.1.1
  '@nodenv/node-build-update-defs':
    specifier: github:Birdie0/node-build-update-defs
    version: github.com/Birdie0/node-build-update-defs/a6b649e6bbc25cb6a22490c9958723262577d42f
  bats:
    specifier: ^0.4.2
    version: 0.4.2
  bats-assert:
    specifier: github:jasonkarns/bats-assert-1
    version: git@github.com+jasonkarns/bats-assert-1/e2d855bc78619ee15b0c702b5c30fb074101159f(bats-support@0.3.0)(bats@0.4.2)
  bats-mock:
    specifier: ^1.0.1
    version: 1.0.1(bats@0.4.2)
  bats-support:
    specifier: github:jasonkarns/bats-support
    version: git@github.com+jasonkarns/bats-support/9bf10e876dd6b624fe44423f0b35e064225f7556(bats@0.4.2)

packages:

  /@nodenv/devutil@0.1.1:
    resolution: {integrity: sha512-vvwlZ+fjjhCEOnjA4M/gkm8CwzRkKLOiBH5kaEPJLLDOZs4UIPfQ24+Un3reQzF0eOQLDL0SYAieLDITUKxwuQ==}
    hasBin: true
    dev: true

  /bats-mock@1.0.1(bats@0.4.2):
    resolution: {integrity: sha512-/OOoA9qVw6XlDqTJzHCfYVmE/dMqRUE5Pysps8459Gu4NcNCco/FbjY+FUpqJYVqFRJQx6LBDvMhFKenMa7WBA==}
    peerDependencies:
      bats: ^0.4.2
    dependencies:
      bats: 0.4.2
    dev: true

  /bats@0.4.2:
    resolution: {integrity: sha512-jHBHkXXYG0v27H4UbNnpcmKKa9U+EeEMHWaIUxieEb7lHfJtMD12E71PMWqjk1Q65d4ZC4Xg8I1FJeQ1caiYjw==}
    hasBin: true
    dev: true

  git@github.com+jasonkarns/bats-assert-1/e2d855bc78619ee15b0c702b5c30fb074101159f(bats-support@0.3.0)(bats@0.4.2):
    resolution: {commit: e2d855bc78619ee15b0c702b5c30fb074101159f, repo: git@github.com:jasonkarns/bats-assert-1.git, type: git}
    id: git@github.com+jasonkarns/bats-assert-1/e2d855bc78619ee15b0c702b5c30fb074101159f
    name: bats-assert
    version: 2.1.0
    peerDependencies:
      bats: 0.4 || ^1
      bats-support: ^0.3
    dependencies:
      bats: 0.4.2
      bats-support: git@github.com+jasonkarns/bats-support/9bf10e876dd6b624fe44423f0b35e064225f7556(bats@0.4.2)
    dev: true

  git@github.com+jasonkarns/bats-support/9bf10e876dd6b624fe44423f0b35e064225f7556(bats@0.4.2):
    resolution: {commit: 9bf10e876dd6b624fe44423f0b35e064225f7556, repo: git@github.com:jasonkarns/bats-support.git, type: git}
    id: git@github.com+jasonkarns/bats-support/9bf10e876dd6b624fe44423f0b35e064225f7556
    name: bats-support
    version: 0.3.0
    peerDependencies:
      bats: 0.4 || ^1
    dependencies:
      bats: 0.4.2
    dev: true

  github.com/Birdie0/node-build-update-defs/a6b649e6bbc25cb6a22490c9958723262577d42f:
    resolution: {tarball: https://codeload.github.com/Birdie0/node-build-update-defs/tar.gz/a6b649e6bbc25cb6a22490c9958723262577d42f}
    name: '@nodenv/node-build-update-defs'
    version: 2.11.0
    engines: {node: '>=6'}
    hasBin: true
    requiresBuild: true
    dev: true
