# THIS IS AN AUTOGENERATED FILE. DO NOT EDIT THIS FILE DIRECTLY.
# yarn lockfile v1


"@nodenv/devutil@^0.1.1":
  version "0.1.1"
  resolved "https://registry.yarnpkg.com/@nodenv/devutil/-/devutil-0.1.1.tgz#adc865b30f5966d28aa6b59883e0d9eabfa4643a"
  integrity sha512-vvwlZ+fjjhCEOnjA4M/gkm8CwzRkKLOiBH5kaEPJLLDOZs4UIPfQ24+Un3reQzF0eOQLDL0SYAieLDITUKxwuQ==

"@nodenv/node-build-update-defs@github:Birdie0/node-build-update-defs":
  version "2.11.0"
  resolved "https://registry.yarnpkg.com/@nodenv/node-build-update-defs/-/node-build-update-defs-2.11.0.tgz#a77abda8757dfdf8843b8a5409b01a5ded39a193"
  integrity sha512-YU1GA0Jy5BWQ5cFHHFHieBGt2rQjdZquDbqYyupcRY3hv295Dor5gB+WRc03b6kWuweuwlBv6LF7yiiXwpe2WA==

"bats-assert@github:jasonkarns/bats-assert-1":
  version "2.0.0"
  resolved "https://codeload.github.com/jasonkarns/bats-assert-1/tar.gz/8200039faf9790c05d9865490c97a0e101b9c80f"

bats-mock@^1.0.1:
  version "1.0.1"
  resolved "https://registry.yarnpkg.com/bats-mock/-/bats-mock-1.0.1.tgz#f86d7d1fce3e4615382f63de9af5ffdfe74df5d5"
  integrity sha512-/OOoA9qVw6XlDqTJzHCfYVmE/dMqRUE5Pysps8459Gu4NcNCco/FbjY+FUpqJYVqFRJQx6LBDvMhFKenMa7WBA==

"bats-support@github:jasonkarns/bats-support":
  version "0.3.0"
  resolved "https://codeload.github.com/jasonkarns/bats-support/tar.gz/004e707638eedd62e0481e8cdc9223ad471f12ee"

bats@^0.4.2:
  version "0.4.2"
  resolved "https://registry.yarnpkg.com/bats/-/bats-0.4.2.tgz#81f222bbcbb083d1528b3e8830a6e8f314876ec6"
  integrity sha512-jHBHkXXYG0v27H4UbNnpcmKKa9U+EeEMHWaIUxieEb7lHfJtMD12E71PMWqjk1Q65d4ZC4Xg8I1FJeQ1caiYjw==
