# THIS IS AN AUTOGENERATED FILE. DO NOT EDIT THIS FILE DIRECTLY.
# yarn lockfile v1


"@nodenv/devutil@^0.1.1":
  version "0.1.1"
  resolved "https://registry.yarnpkg.com/@nodenv/devutil/-/devutil-0.1.1.tgz#adc865b30f5966d28aa6b59883e0d9eabfa4643a"
  integrity sha512-vvwlZ+fjjhCEOnjA4M/gkm8CwzRkKLOiBH5kaEPJLLDOZs4UIPfQ24+Un3reQzF0eOQLDL0SYAieLDITUKxwuQ==

"@nodenv/node-build-update-defs@github:Birdie0/node-build-update-defs":
  version "2.11.0"
  resolved "https://codeload.github.com/Birdie0/node-build-update-defs/tar.gz/a6b649e6bbc25cb6a22490c9958723262577d42f"

"bats-assert@github:jasonkarns/bats-assert-1":
  version "2.1.0"
  resolved "https://codeload.github.com/jasonkarns/bats-assert-1/tar.gz/e2d855bc78619ee15b0c702b5c30fb074101159f"

bats-mock@^1.0.1:
  version "1.0.1"
  resolved "https://registry.yarnpkg.com/bats-mock/-/bats-mock-1.0.1.tgz#f86d7d1fce3e4615382f63de9af5ffdfe74df5d5"
  integrity sha512-/OOoA9qVw6XlDqTJzHCfYVmE/dMqRUE5Pysps8459Gu4NcNCco/FbjY+FUpqJYVqFRJQx6LBDvMhFKenMa7WBA==

"bats-support@github:jasonkarns/bats-support":
  version "0.3.0"
  resolved "https://codeload.github.com/jasonkarns/bats-support/tar.gz/9bf10e876dd6b624fe44423f0b35e064225f7556"

bats@^0.4.2:
  version "0.4.2"
  resolved "https://registry.yarnpkg.com/bats/-/bats-0.4.2.tgz#81f222bbcbb083d1528b3e8830a6e8f314876ec6"
  integrity sha512-jHBHkXXYG0v27H4UbNnpcmKKa9U+EeEMHWaIUxieEb7lHfJtMD12E71PMWqjk1Q65d4ZC4Xg8I1FJeQ1caiYjw==
